{
  "name": "delon-restful",
  "version": "0.0.1",
  "lockfileVersion": 1,
  "requires": true,
  "dependencies": {
    "@delon/theme": {
      "version": "7.0.0-rc.4",
      "resolved": "http://registry.npm.taobao.org/@delon/theme/download/@delon/theme-7.0.0-rc.4.tgz",
      "integrity": "sha1-5Oo99gGcXrU2RvPdMnqEH58Xg4w=",
      "requires": {
        "tslib": "^1.9.0"
      }
    },
    "tslib": {
      "version": "1.9.3",
      "resolved": "http://registry.npm.taobao.org/tslib/download/tslib-1.9.3.tgz",
      "integrity": "sha1-1+TdeSRdhUKMTX5IIqeZF5VMooY="
    }
  }
}
